
Microsoft Visual Studio Solution File, Format Version 12.00
# Visual Studio Version 16
VisualStudioVersion = 16.0.32929.386
MinimumVisualStudioVersion = 10.0.40219.1
Project("{FAE04EC0-301F-11D3-BF4B-00C04F79EFBC}") = "AtmMachine", "AtmMachine\AtmMachine.csproj", "{4E9A0C8E-70E5-4FAC-AC14-BA9F533A82BD}"
EndProject
Global
	GlobalSection(SolutionConfigurationPlatforms) = preSolution
		Debug|Any CPU = Debug|Any CPU
		Release|Any CPU = Release|Any CPU
	EndGlobalSection
	GlobalSection(ProjectConfigurationPlatforms) = postSolution
		{4E9A0C8E-70E5-4FAC-AC14-BA9F533A82BD}.Debug|Any CPU.ActiveCfg = Debug|Any CPU
		{4E9A0C8E-70E5-4FAC-AC14-BA9F533A82BD}.Debug|Any CPU.Build.0 = Debug|Any CPU
		{4E9A0C8E-70E5-4FAC-AC14-BA9F533A82BD}.Release|Any CPU.ActiveCfg = Release|Any CPU
		{4E9A0C8E-70E5-4FAC-AC14-BA9F533A82BD}.Release|Any CPU.Build.0 = Release|Any CPU
	EndGlobalSection
	GlobalSection(SolutionProperties) = preSolution
		HideSolutionNode = FALSE
	EndGlobalSection
	GlobalSection(ExtensibilityGlobals) = postSolution
		SolutionGuid = {E56FA8B1-0EA5-46F5-84CF-444C112F9A1E}
	EndGlobalSection
EndGlobal
